
Microsoft Visual Studio Solution File, Format Version 12.00
# Visual Studio Version 17
VisualStudioVersion = 17.4.33213.308
MinimumVisualStudioVersion = 10.0.40219.1
Project("{FAE04EC0-301F-11D3-BF4B-00C04F79EFBC}") = "Library", "Library.csproj", "{99D5F004-EFDD-4CF4-AD6F-86483D172671}"
EndProject
Global
	GlobalSection(SolutionConfigurationPlatforms) = preSolution
		Debug|Any CPU = Debug|Any CPU
		Release|Any CPU = Release|Any CPU
	EndGlobalSection
	GlobalSection(ProjectConfigurationPlatforms) = postSolution
		{99D5F004-EFDD-4CF4-AD6F-86483D172671}.Debug|Any CPU.ActiveCfg = Debug|Any CPU
		{99D5F004-EFDD-4CF4-AD6F-86483D172671}.Debug|Any CPU.Build.0 = Debug|Any CPU
		{99D5F004-EFDD-4CF4-AD6F-86483D172671}.Release|Any CPU.ActiveCfg = Release|Any CPU
		{99D5F004-EFDD-4CF4-AD6F-86483D172671}.Release|Any CPU.Build.0 = Release|Any CPU
	EndGlobalSection
	GlobalSection(SolutionProperties) = preSolution
		HideSolutionNode = FALSE
	EndGlobalSection
	GlobalSection(ExtensibilityGlobals) = postSolution
		SolutionGuid = {15DE58D7-82EF-47AE-81D7-EDA9CDC41769}
	EndGlobalSection
EndGlobal
